
Microsoft Visual Studio Solution File, Format Version 12.00
# Visual Studio 15
VisualStudioVersion = 15.0.27130.2036
MinimumVisualStudioVersion = 10.0.40219.1
Project("{888888A0-9F3D-457C-B088-3A5042F75D52}") = "pythonWebApi", "pythonWebApi.pyproj", "{5C4C719A-C7DB-4B7B-B7EA-02266BB6EADD}"
EndProject
Global
	GlobalSection(SolutionConfigurationPlatforms) = preSolution
		Debug|Any CPU = Debug|Any CPU
		Release|Any CPU = Release|Any CPU
	EndGlobalSection
	GlobalSection(ProjectConfigurationPlatforms) = postSolution
		{5C4C719A-C7DB-4B7B-B7EA-02266BB6EADD}.Debug|Any CPU.ActiveCfg = Debug|Any CPU
		{5C4C719A-C7DB-4B7B-B7EA-02266BB6EADD}.Debug|Any CPU.Build.0 = Debug|Any CPU
		{5C4C719A-C7DB-4B7B-B7EA-02266BB6EADD}.Release|Any CPU.ActiveCfg = Release|Any CPU
		{5C4C719A-C7DB-4B7B-B7EA-02266BB6EADD}.Release|Any CPU.Build.0 = Release|Any CPU
	EndGlobalSection
	GlobalSection(SolutionProperties) = preSolution
		HideSolutionNode = FALSE
	EndGlobalSection
	GlobalSection(ExtensibilityGlobals) = postSolution
		SolutionGuid = {CEE8C683-F546-4F71-B2B9-6FFDA51267CC}
	EndGlobalSection
EndGlobal
